
Microsoft Visual Studio Solution File, Format Version 12.00
# Visual Studio Version 17
VisualStudioVersion = 17.4.33205.214
MinimumVisualStudioVersion = 10.0.40219.1
Project("{FAE04EC0-301F-11D3-BF4B-00C04F79EFBC}") = "RunGroupWeb", "RunGroupWeb.csproj", "{8286E34B-0A9A-4295-8052-EF1DA6423ACB}"
EndProject
Global
	GlobalSection(SolutionConfigurationPlatforms) = preSolution
		Debug|Any CPU = Debug|Any CPU
		Release|Any CPU = Release|Any CPU
	EndGlobalSection
	GlobalSection(ProjectConfigurationPlatforms) = postSolution
		{8286E34B-0A9A-4295-8052-EF1DA6423ACB}.Debug|Any CPU.ActiveCfg = Debug|Any CPU
		{8286E34B-0A9A-4295-8052-EF1DA6423ACB}.Debug|Any CPU.Build.0 = Debug|Any CPU
		{8286E34B-0A9A-4295-8052-EF1DA6423ACB}.Release|Any CPU.ActiveCfg = Release|Any CPU
		{8286E34B-0A9A-4295-8052-EF1DA6423ACB}.Release|Any CPU.Build.0 = Release|Any CPU
	EndGlobalSection
	GlobalSection(SolutionProperties) = preSolution
		HideSolutionNode = FALSE
	EndGlobalSection
	GlobalSection(ExtensibilityGlobals) = postSolution
		SolutionGuid = {1DED8B61-C698-4D6E-8AA2-50E5A42F6C6D}
	EndGlobalSection
EndGlobal
